
Microsoft Visual Studio Solution File, Format Version 12.00
# Visual Studio Version 16
VisualStudioVersion = 16.0.31727.386
MinimumVisualStudioVersion = 10.0.40219.1
Project("{FAE04EC0-301F-11D3-BF4B-00C04F79EFBC}") = "ModelValidation", "ModelValidation\ModelValidation.csproj", "{A142B02E-7F87-4C59-9EDF-5BBD2FA1B67C}"
EndProject
Global
	GlobalSection(SolutionConfigurationPlatforms) = preSolution
		Debug|Any CPU = Debug|Any CPU
		Release|Any CPU = Release|Any CPU
	EndGlobalSection
	GlobalSection(ProjectConfigurationPlatforms) = postSolution
		{A142B02E-7F87-4C59-9EDF-5BBD2FA1B67C}.Debug|Any CPU.ActiveCfg = Debug|Any CPU
		{A142B02E-7F87-4C59-9EDF-5BBD2FA1B67C}.Debug|Any CPU.Build.0 = Debug|Any CPU
		{A142B02E-7F87-4C59-9EDF-5BBD2FA1B67C}.Release|Any CPU.ActiveCfg = Release|Any CPU
		{A142B02E-7F87-4C59-9EDF-5BBD2FA1B67C}.Release|Any CPU.Build.0 = Release|Any CPU
	EndGlobalSection
	GlobalSection(SolutionProperties) = preSolution
		HideSolutionNode = FALSE
	EndGlobalSection
	GlobalSection(ExtensibilityGlobals) = postSolution
		SolutionGuid = {58F382C9-2057-4096-83A2-149C0BDF79D0}
	EndGlobalSection
EndGlobal
